{
  "object": {
    "pins": [
      {
        "package": "PhoneNumberKit",
        "repositoryURL": "https://github.com/marmelroy/PhoneNumberKit.git",
        "state": {
          "branch": null,
          "revision": "dacede2d256b2807a1c5b4906a9c87c9f6f32fa3",
          "version": "3.3.0"
        }
      }
    ]
  },
  "version": 1
}
