// !$*UTF8*$!
{
	archiveVersion = 1;
	classes = {
	};
	objectVersion = 48;
	objects = {

/* Begin PBXBuildFile section */
		11C2EF391D62BC3200052D44 /* NSRegularExpression+Swift.swift in Sources */ = {isa = PBXBuildFile; fileRef = 11C2EF381D62BC3200052D44 /* NSRegularExpression+Swift.swift */; };
		1B80904E2300B4DC006AE849 /* MetadataParsing.swift in Sources */ = {isa = PBXBuildFile; fileRef = 3417BD6A2210AC4900477EE7 /* MetadataParsing.swift */; };
		1B80904F2300B4DC006AE849 /* MetadataParsing.swift in Sources */ = {isa = PBXBuildFile; fileRef = 3417BD6A2210AC4900477EE7 /* MetadataParsing.swift */; };
		1B8090502300B4DD006AE849 /* MetadataParsing.swift in Sources */ = {isa = PBXBuildFile; fileRef = 3417BD6A2210AC4900477EE7 /* MetadataParsing.swift */; };
		1B0651171E2AD698006AE849 /* PhoneNumberFormatter.swift in Sources */ = {isa = PBXBuildFile; fileRef = 1B0651161E2AD698006AE849 /* PhoneNumberFormatter.swift */; };
		1B1A4DD723007580006AE849 /* PhoneNumberFormatter.swift in Sources */ = {isa = PBXBuildFile; fileRef = 1B0651161E2AD698006AE849 /* PhoneNumberFormatter.swift */; };
		1B1A4DD82300759E006AE849 /* PhoneNumberFormatter.swift in Sources */ = {isa = PBXBuildFile; fileRef = 1B0651161E2AD698006AE849 /* PhoneNumberFormatter.swift */; };
		1B1A4DD9230075A6006AE849 /* PhoneNumberFormatter.swift in Sources */ = {isa = PBXBuildFile; fileRef = 1B0651161E2AD698006AE849 /* PhoneNumberFormatter.swift */; };
		3417BD6B2210AC4900477EE7 /* MetadataParsing.swift in Sources */ = {isa = PBXBuildFile; fileRef = 3417BD6A2210AC4900477EE7 /* MetadataParsing.swift */; };
		3420CF5E1BE8959F00FAE34F /* Formatter.swift in Sources */ = {isa = PBXBuildFile; fileRef = 3420CF5D1BE8959F00FAE34F /* Formatter.swift */; };
		3422D9BA1BE6A2D500867D02 /* ParseManager.swift in Sources */ = {isa = PBXBuildFile; fileRef = 3422D9B91BE6A2D500867D02 /* ParseManager.swift */; };
		3424186F1BB6E5A000EE70E7 /* PhoneNumberKit.framework in Frameworks */ = {isa = PBXBuildFile; fileRef = 342418641BB6E5A000EE70E7 /* PhoneNumberKit.framework */; };
		342418741BB6E5A000EE70E7 /* PhoneNumberKitTests.swift in Sources */ = {isa = PBXBuildFile; fileRef = 342418731BB6E5A000EE70E7 /* PhoneNumberKitTests.swift */; };
		342418801BB705B500EE70E7 /* PhoneNumber.swift in Sources */ = {isa = PBXBuildFile; fileRef = 3424187F1BB705B500EE70E7 /* PhoneNumber.swift */; };
		342418821BB70F5200EE70E7 /* PhoneNumberParser.swift in Sources */ = {isa = PBXBuildFile; fileRef = 342418811BB70F5200EE70E7 /* PhoneNumberParser.swift */; };
		342548F01BE7EED500FBE524 /* MetadataTypes.swift in Sources */ = {isa = PBXBuildFile; fileRef = 342548EF1BE7EED500FBE524 /* MetadataTypes.swift */; };
		3435CC9F1BBFF66F003F953B /* PhoneNumberMetadata.json in Resources */ = {isa = PBXBuildFile; fileRef = 3435CC951BBFF66F003F953B /* PhoneNumberMetadata.json */; };
		3435CCA01BBFF66F003F953B /* PhoneNumberMetadata.json in Resources */ = {isa = PBXBuildFile; fileRef = 3435CC951BBFF66F003F953B /* PhoneNumberMetadata.json */; };
		343B850C1C62A25600918E46 /* PartialFormatter.swift in Sources */ = {isa = PBXBuildFile; fileRef = 343B850A1C62A25600918E46 /* PartialFormatter.swift */; };
		343B850D1C62A25600918E46 /* TextField.swift in Sources */ = {isa = PBXBuildFile; fileRef = 343B850B1C62A25600918E46 /* TextField.swift */; };
		34566C9A1BC112C500715E6B /* RegexManager.swift in Sources */ = {isa = PBXBuildFile; fileRef = 34566C991BC112C500715E6B /* RegexManager.swift */; };
		346922671BC01DCC0023482F /* MetadataManager.swift in Sources */ = {isa = PBXBuildFile; fileRef = 346922661BC01DCC0023482F /* MetadataManager.swift */; };
		346922691BC023A60023482F /* PhoneNumberKit.swift in Sources */ = {isa = PBXBuildFile; fileRef = 346922681BC023A60023482F /* PhoneNumberKit.swift */; };
		346EF14E1C69C688008C7306 /* PartialFormatterTests.swift in Sources */ = {isa = PBXBuildFile; fileRef = 346EF14D1C69C688008C7306 /* PartialFormatterTests.swift */; };
		347209901BB80A69004DE6DA /* Foundation.framework in Frameworks */ = {isa = PBXBuildFile; fileRef = 3472098F1BB80A69004DE6DA /* Foundation.framework */; };
		34776AA81BE2BF1100400790 /* PhoneNumberKitParsingTests.swift in Sources */ = {isa = PBXBuildFile; fileRef = 34776AA71BE2BF1100400790 /* PhoneNumberKitParsingTests.swift */; };
		34AA66021BDD160B00467912 /* Constants.swift in Sources */ = {isa = PBXBuildFile; fileRef = 34AA66011BDD160B00467912 /* Constants.swift */; };
		34AA66041BDD448B00467912 /* CoreTelephony.framework in Frameworks */ = {isa = PBXBuildFile; fileRef = 34AA66031BDD448B00467912 /* CoreTelephony.framework */; };
		34FD5D2B1D55F7AE00F328F9 /* PhoneNumberKit.h in Headers */ = {isa = PBXBuildFile; fileRef = C6DF6CA71D1B145300259F4B /* PhoneNumberKit.h */; settings = {ATTRIBUTES = (Public, ); }; };
		34FD5D2C1D55F7AE00F328F9 /* PhoneNumberKit.h in Headers */ = {isa = PBXBuildFile; fileRef = C6DF6CA71D1B145300259F4B /* PhoneNumberKit.h */; settings = {ATTRIBUTES = (Public, ); }; };
		C6B53DA51D944F8000E607DD /* NSRegularExpression+Swift.swift in Sources */ = {isa = PBXBuildFile; fileRef = 11C2EF381D62BC3200052D44 /* NSRegularExpression+Swift.swift */; };
		C6B53DA61D944F8000E607DD /* NSRegularExpression+Swift.swift in Sources */ = {isa = PBXBuildFile; fileRef = 11C2EF381D62BC3200052D44 /* NSRegularExpression+Swift.swift */; };
		C6B53DA71D94508400E607DD /* NSRegularExpression+Swift.swift in Sources */ = {isa = PBXBuildFile; fileRef = 11C2EF381D62BC3200052D44 /* NSRegularExpression+Swift.swift */; };
		C6DF6C541D1B09DD00259F4B /* Constants.swift in Sources */ = {isa = PBXBuildFile; fileRef = 34AA66011BDD160B00467912 /* Constants.swift */; };
		C6DF6C551D1B09DD00259F4B /* Formatter.swift in Sources */ = {isa = PBXBuildFile; fileRef = 3420CF5D1BE8959F00FAE34F /* Formatter.swift */; };
		C6DF6C561D1B09DD00259F4B /* PartialFormatter.swift in Sources */ = {isa = PBXBuildFile; fileRef = 343B850A1C62A25600918E46 /* PartialFormatter.swift */; };
		C6DF6C581D1B09DD00259F4B /* MetadataManager.swift in Sources */ = {isa = PBXBuildFile; fileRef = 346922661BC01DCC0023482F /* MetadataManager.swift */; };
		C6DF6C591D1B09DD00259F4B /* MetadataTypes.swift in Sources */ = {isa = PBXBuildFile; fileRef = 342548EF1BE7EED500FBE524 /* MetadataTypes.swift */; };
		C6DF6C5A1D1B09DD00259F4B /* ParseManager.swift in Sources */ = {isa = PBXBuildFile; fileRef = 3422D9B91BE6A2D500867D02 /* ParseManager.swift */; };
		C6DF6C5C1D1B09DD00259F4B /* PhoneNumber.swift in Sources */ = {isa = PBXBuildFile; fileRef = 3424187F1BB705B500EE70E7 /* PhoneNumber.swift */; };
		C6DF6C5D1D1B09DD00259F4B /* PhoneNumberKit.swift in Sources */ = {isa = PBXBuildFile; fileRef = 346922681BC023A60023482F /* PhoneNumberKit.swift */; };
		C6DF6C5E1D1B09DD00259F4B /* PhoneNumberParser.swift in Sources */ = {isa = PBXBuildFile; fileRef = 342418811BB70F5200EE70E7 /* PhoneNumberParser.swift */; };
		C6DF6C5F1D1B09DD00259F4B /* RegexManager.swift in Sources */ = {isa = PBXBuildFile; fileRef = 34566C991BC112C500715E6B /* RegexManager.swift */; };
		C6DF6C601D1B09E200259F4B /* PhoneNumberMetadata.json in Resources */ = {isa = PBXBuildFile; fileRef = 3435CC951BBFF66F003F953B /* PhoneNumberMetadata.json */; };
		C6DF6CA81D1B145300259F4B /* PhoneNumberKit.h in Headers */ = {isa = PBXBuildFile; fileRef = C6DF6CA71D1B145300259F4B /* PhoneNumberKit.h */; settings = {ATTRIBUTES = (Public, ); }; };
		C6DF6CB21D1B159A00259F4B /* Constants.swift in Sources */ = {isa = PBXBuildFile; fileRef = 34AA66011BDD160B00467912 /* Constants.swift */; };
		C6DF6CB31D1B159A00259F4B /* Formatter.swift in Sources */ = {isa = PBXBuildFile; fileRef = 3420CF5D1BE8959F00FAE34F /* Formatter.swift */; };
		C6DF6CB41D1B159A00259F4B /* PartialFormatter.swift in Sources */ = {isa = PBXBuildFile; fileRef = 343B850A1C62A25600918E46 /* PartialFormatter.swift */; };
		C6DF6CB61D1B159A00259F4B /* MetadataManager.swift in Sources */ = {isa = PBXBuildFile; fileRef = 346922661BC01DCC0023482F /* MetadataManager.swift */; };
		C6DF6CB71D1B159A00259F4B /* MetadataTypes.swift in Sources */ = {isa = PBXBuildFile; fileRef = 342548EF1BE7EED500FBE524 /* MetadataTypes.swift */; };
		C6DF6CB81D1B159A00259F4B /* ParseManager.swift in Sources */ = {isa = PBXBuildFile; fileRef = 3422D9B91BE6A2D500867D02 /* ParseManager.swift */; };
		C6DF6CBA1D1B159A00259F4B /* PhoneNumber.swift in Sources */ = {isa = PBXBuildFile; fileRef = 3424187F1BB705B500EE70E7 /* PhoneNumber.swift */; };
		C6DF6CBB1D1B159A00259F4B /* PhoneNumberKit.swift in Sources */ = {isa = PBXBuildFile; fileRef = 346922681BC023A60023482F /* PhoneNumberKit.swift */; };
		C6DF6CBC1D1B159A00259F4B /* PhoneNumberParser.swift in Sources */ = {isa = PBXBuildFile; fileRef = 342418811BB70F5200EE70E7 /* PhoneNumberParser.swift */; };
		C6DF6CBD1D1B159A00259F4B /* RegexManager.swift in Sources */ = {isa = PBXBuildFile; fileRef = 34566C991BC112C500715E6B /* RegexManager.swift */; };
		C6DF6CBE1D1B15A200259F4B /* PhoneNumberMetadata.json in Resources */ = {isa = PBXBuildFile; fileRef = 3435CC951BBFF66F003F953B /* PhoneNumberMetadata.json */; };
		C6DF6CD41D1B18CE00259F4B /* PhoneNumberKit.h in Headers */ = {isa = PBXBuildFile; fileRef = C6DF6CA71D1B145300259F4B /* PhoneNumberKit.h */; settings = {ATTRIBUTES = (Public, ); }; };
		C6DF6CD51D1B18D800259F4B /* Constants.swift in Sources */ = {isa = PBXBuildFile; fileRef = 34AA66011BDD160B00467912 /* Constants.swift */; };
		C6DF6CD61D1B18D800259F4B /* Formatter.swift in Sources */ = {isa = PBXBuildFile; fileRef = 3420CF5D1BE8959F00FAE34F /* Formatter.swift */; };
		C6DF6CD71D1B18D800259F4B /* PartialFormatter.swift in Sources */ = {isa = PBXBuildFile; fileRef = 343B850A1C62A25600918E46 /* PartialFormatter.swift */; };
		C6DF6CD81D1B18D800259F4B /* TextField.swift in Sources */ = {isa = PBXBuildFile; fileRef = 343B850B1C62A25600918E46 /* TextField.swift */; };
		C6DF6CD91D1B18D800259F4B /* MetadataManager.swift in Sources */ = {isa = PBXBuildFile; fileRef = 346922661BC01DCC0023482F /* MetadataManager.swift */; };
		C6DF6CDA1D1B18D800259F4B /* MetadataTypes.swift in Sources */ = {isa = PBXBuildFile; fileRef = 342548EF1BE7EED500FBE524 /* MetadataTypes.swift */; };
		C6DF6CDB1D1B18D800259F4B /* ParseManager.swift in Sources */ = {isa = PBXBuildFile; fileRef = 3422D9B91BE6A2D500867D02 /* ParseManager.swift */; };
		C6DF6CDD1D1B18D800259F4B /* PhoneNumber.swift in Sources */ = {isa = PBXBuildFile; fileRef = 3424187F1BB705B500EE70E7 /* PhoneNumber.swift */; };
		C6DF6CDE1D1B18D800259F4B /* PhoneNumberKit.swift in Sources */ = {isa = PBXBuildFile; fileRef = 346922681BC023A60023482F /* PhoneNumberKit.swift */; };
		C6DF6CDF1D1B18D800259F4B /* PhoneNumberParser.swift in Sources */ = {isa = PBXBuildFile; fileRef = 342418811BB70F5200EE70E7 /* PhoneNumberParser.swift */; };
		C6DF6CE01D1B18D800259F4B /* RegexManager.swift in Sources */ = {isa = PBXBuildFile; fileRef = 34566C991BC112C500715E6B /* RegexManager.swift */; };
		C6DF6CE11D1B18DD00259F4B /* PhoneNumberMetadata.json in Resources */ = {isa = PBXBuildFile; fileRef = 3435CC951BBFF66F003F953B /* PhoneNumberMetadata.json */; };
/* End PBXBuildFile section */

/* Begin PBXContainerItemProxy section */
		342418701BB6E5A000EE70E7 /* PBXContainerItemProxy */ = {
			isa = PBXContainerItemProxy;
			containerPortal = 3424185B1BB6E5A000EE70E7 /* Project object */;
			proxyType = 1;
			remoteGlobalIDString = 342418631BB6E5A000EE70E7;
			remoteInfo = PhoneNumberKit;
		};
/* End PBXContainerItemProxy section */

/* Begin PBXFileReference section */
		11C2EF381D62BC3200052D44 /* NSRegularExpression+Swift.swift */ = {isa = PBXFileReference; fileEncoding = 4; lastKnownFileType = sourcecode.swift; path = "NSRegularExpression+Swift.swift"; sourceTree = "<group>"; };
		1B0651161E2AD698006AE849 /* PhoneNumberFormatter.swift */ = {isa = PBXFileReference; fileEncoding = 4; lastKnownFileType = sourcecode.swift; path = PhoneNumberFormatter.swift; sourceTree = "<group>"; };
		3417BD6A2210AC4900477EE7 /* MetadataParsing.swift */ = {isa = PBXFileReference; lastKnownFileType = sourcecode.swift; path = MetadataParsing.swift; sourceTree = "<group>"; };
		3420CF5D1BE8959F00FAE34F /* Formatter.swift */ = {isa = PBXFileReference; fileEncoding = 4; lastKnownFileType = sourcecode.swift; path = Formatter.swift; sourceTree = "<group>"; };
		3422D9B91BE6A2D500867D02 /* ParseManager.swift */ = {isa = PBXFileReference; fileEncoding = 4; lastKnownFileType = sourcecode.swift; path = ParseManager.swift; sourceTree = "<group>"; };
		342418641BB6E5A000EE70E7 /* PhoneNumberKit.framework */ = {isa = PBXFileReference; explicitFileType = wrapper.framework; includeInIndex = 0; path = PhoneNumberKit.framework; sourceTree = BUILT_PRODUCTS_DIR; };
		342418691BB6E5A000EE70E7 /* Info.plist */ = {isa = PBXFileReference; lastKnownFileType = text.plist.xml; path = Info.plist; sourceTree = "<group>"; };
		3424186E1BB6E5A000EE70E7 /* PhoneNumberKitTests.xctest */ = {isa = PBXFileReference; explicitFileType = wrapper.cfbundle; includeInIndex = 0; path = PhoneNumberKitTests.xctest; sourceTree = BUILT_PRODUCTS_DIR; };
		342418731BB6E5A000EE70E7 /* PhoneNumberKitTests.swift */ = {isa = PBXFileReference; lastKnownFileType = sourcecode.swift; path = PhoneNumberKitTests.swift; sourceTree = "<group>"; };
		342418751BB6E5A000EE70E7 /* Info.plist */ = {isa = PBXFileReference; lastKnownFileType = text.plist.xml; path = Info.plist; sourceTree = "<group>"; };
		3424187F1BB705B500EE70E7 /* PhoneNumber.swift */ = {isa = PBXFileReference; fileEncoding = 4; lastKnownFileType = sourcecode.swift; path = PhoneNumber.swift; sourceTree = "<group>"; };
		342418811BB70F5200EE70E7 /* PhoneNumberParser.swift */ = {isa = PBXFileReference; fileEncoding = 4; lastKnownFileType = sourcecode.swift; path = PhoneNumberParser.swift; sourceTree = "<group>"; };
		342548EF1BE7EED500FBE524 /* MetadataTypes.swift */ = {isa = PBXFileReference; fileEncoding = 4; lastKnownFileType = sourcecode.swift; path = MetadataTypes.swift; sourceTree = "<group>"; };
		3435CC951BBFF66F003F953B /* PhoneNumberMetadata.json */ = {isa = PBXFileReference; fileEncoding = 4; lastKnownFileType = text.json; path = PhoneNumberMetadata.json; sourceTree = "<group>"; };
		343B850A1C62A25600918E46 /* PartialFormatter.swift */ = {isa = PBXFileReference; fileEncoding = 4; lastKnownFileType = sourcecode.swift; path = PartialFormatter.swift; sourceTree = "<group>"; usesTabs = 0; };
		343B850B1C62A25600918E46 /* TextField.swift */ = {isa = PBXFileReference; fileEncoding = 4; lastKnownFileType = sourcecode.swift; name = TextField.swift; path = UI/TextField.swift; sourceTree = "<group>"; };
		34566C991BC112C500715E6B /* RegexManager.swift */ = {isa = PBXFileReference; fileEncoding = 4; lastKnownFileType = sourcecode.swift; path = RegexManager.swift; sourceTree = "<group>"; };
		346922661BC01DCC0023482F /* MetadataManager.swift */ = {isa = PBXFileReference; fileEncoding = 4; lastKnownFileType = sourcecode.swift; path = MetadataManager.swift; sourceTree = "<group>"; };
		346922681BC023A60023482F /* PhoneNumberKit.swift */ = {isa = PBXFileReference; fileEncoding = 4; lastKnownFileType = sourcecode.swift; path = PhoneNumberKit.swift; sourceTree = "<group>"; };
		346EF14D1C69C688008C7306 /* PartialFormatterTests.swift */ = {isa = PBXFileReference; fileEncoding = 4; lastKnownFileType = sourcecode.swift; path = PartialFormatterTests.swift; sourceTree = "<group>"; };
		3472098F1BB80A69004DE6DA /* Foundation.framework */ = {isa = PBXFileReference; lastKnownFileType = wrapper.framework; name = Foundation.framework; path = System/Library/Frameworks/Foundation.framework; sourceTree = SDKROOT; };
		34776AA71BE2BF1100400790 /* PhoneNumberKitParsingTests.swift */ = {isa = PBXFileReference; fileEncoding = 4; lastKnownFileType = sourcecode.swift; path = PhoneNumberKitParsingTests.swift; sourceTree = "<group>"; };
		34AA66011BDD160B00467912 /* Constants.swift */ = {isa = PBXFileReference; fileEncoding = 4; lastKnownFileType = sourcecode.swift; path = Constants.swift; sourceTree = "<group>"; };
		34AA66031BDD448B00467912 /* CoreTelephony.framework */ = {isa = PBXFileReference; lastKnownFileType = wrapper.framework; name = CoreTelephony.framework; path = System/Library/Frameworks/CoreTelephony.framework; sourceTree = SDKROOT; };
		C6DF6C4B1D1B09CF00259F4B /* PhoneNumberKit.framework */ = {isa = PBXFileReference; explicitFileType = wrapper.framework; includeInIndex = 0; path = PhoneNumberKit.framework; sourceTree = BUILT_PRODUCTS_DIR; };
		C6DF6C911D1B120400259F4B /* PhoneNumberKit.framework */ = {isa = PBXFileReference; explicitFileType = wrapper.framework; includeInIndex = 0; path = PhoneNumberKit.framework; sourceTree = BUILT_PRODUCTS_DIR; };
		C6DF6CA71D1B145300259F4B /* PhoneNumberKit.h */ = {isa = PBXFileReference; fileEncoding = 4; lastKnownFileType = sourcecode.c.h; path = PhoneNumberKit.h; sourceTree = "<group>"; };
		C6DF6CCC1D1B18B000259F4B /* PhoneNumberKit.framework */ = {isa = PBXFileReference; explicitFileType = wrapper.framework; includeInIndex = 0; path = PhoneNumberKit.framework; sourceTree = BUILT_PRODUCTS_DIR; };
/* End PBXFileReference section */

/* Begin PBXFrameworksBuildPhase section */
		342418601BB6E5A000EE70E7 /* Frameworks */ = {
			isa = PBXFrameworksBuildPhase;
			buildActionMask = 2147483647;
			files = (
				34AA66041BDD448B00467912 /* CoreTelephony.framework in Frameworks */,
				347209901BB80A69004DE6DA /* Foundation.framework in Frameworks */,
			);
			runOnlyForDeploymentPostprocessing = 0;
		};
		3424186B1BB6E5A000EE70E7 /* Frameworks */ = {
			isa = PBXFrameworksBuildPhase;
			buildActionMask = 2147483647;
			files = (
				3424186F1BB6E5A000EE70E7 /* PhoneNumberKit.framework in Frameworks */,
			);
			runOnlyForDeploymentPostprocessing = 0;
		};
		C6DF6C471D1B09CF00259F4B /* Frameworks */ = {
			isa = PBXFrameworksBuildPhase;
			buildActionMask = 2147483647;
			files = (
			);
			runOnlyForDeploymentPostprocessing = 0;
		};
		C6DF6C8D1D1B120400259F4B /* Frameworks */ = {
			isa = PBXFrameworksBuildPhase;
			buildActionMask = 2147483647;
			files = (
			);
			runOnlyForDeploymentPostprocessing = 0;
		};
		C6DF6CC81D1B18B000259F4B /* Frameworks */ = {
			isa = PBXFrameworksBuildPhase;
			buildActionMask = 2147483647;
			files = (
			);
			runOnlyForDeploymentPostprocessing = 0;
		};
/* End PBXFrameworksBuildPhase section */

/* Begin PBXGroup section */
		340757841DA03A1700D493A0 /* Metadata */ = {
			isa = PBXGroup;
			children = (
				346922661BC01DCC0023482F /* MetadataManager.swift */,
				342548EF1BE7EED500FBE524 /* MetadataTypes.swift */,
				3417BD6A2210AC4900477EE7 /* MetadataParsing.swift */,
			);
			name = Metadata;
			sourceTree = "<group>";
		};
		3420981B1BE1F1250036BBB1 /* Frameworks */ = {
			isa = PBXGroup;
			children = (
				34AA66031BDD448B00467912 /* CoreTelephony.framework */,
				3472098F1BB80A69004DE6DA /* Foundation.framework */,
			);
			name = Frameworks;
			sourceTree = "<group>";
		};
		3424185A1BB6E5A000EE70E7 = {
			isa = PBXGroup;
			children = (
				342418661BB6E5A000EE70E7 /* PhoneNumberKit */,
				342418721BB6E5A000EE70E7 /* PhoneNumberKitTests */,
				342418651BB6E5A000EE70E7 /* Products */,
			);
			sourceTree = "<group>";
		};
		342418651BB6E5A000EE70E7 /* Products */ = {
			isa = PBXGroup;
			children = (
				342418641BB6E5A000EE70E7 /* PhoneNumberKit.framework */,
				3424186E1BB6E5A000EE70E7 /* PhoneNumberKitTests.xctest */,
				C6DF6C4B1D1B09CF00259F4B /* PhoneNumberKit.framework */,
				C6DF6C911D1B120400259F4B /* PhoneNumberKit.framework */,
				C6DF6CCC1D1B18B000259F4B /* PhoneNumberKit.framework */,
			);
			name = Products;
			sourceTree = "<group>";
		};
		342418661BB6E5A000EE70E7 /* PhoneNumberKit */ = {
			isa = PBXGroup;
			children = (
				C6DF6CA71D1B145300259F4B /* PhoneNumberKit.h */,
				342418691BB6E5A000EE70E7 /* Info.plist */,
				346922681BC023A60023482F /* PhoneNumberKit.swift */,
				340757841DA03A1700D493A0 /* Metadata */,
				3422D9B91BE6A2D500867D02 /* ParseManager.swift */,
				34566C991BC112C500715E6B /* RegexManager.swift */,
				3424187F1BB705B500EE70E7 /* PhoneNumber.swift */,
				34AA66011BDD160B00467912 /* Constants.swift */,
				3420CF5D1BE8959F00FAE34F /* Formatter.swift */,
				343B850A1C62A25600918E46 /* PartialFormatter.swift */,
				343B850B1C62A25600918E46 /* TextField.swift */,
				342418811BB70F5200EE70E7 /* PhoneNumberParser.swift */,
				1B0651161E2AD698006AE849 /* PhoneNumberFormatter.swift */,
				11C2EF381D62BC3200052D44 /* NSRegularExpression+Swift.swift */,
				3435CC8F1BBFF66F003F953B /* Resources */,
				3420981B1BE1F1250036BBB1 /* Frameworks */,
			);
			path = PhoneNumberKit;
			sourceTree = "<group>";
		};
		342418721BB6E5A000EE70E7 /* PhoneNumberKitTests */ = {
			isa = PBXGroup;
			children = (
				342418731BB6E5A000EE70E7 /* PhoneNumberKitTests.swift */,
				346EF14D1C69C688008C7306 /* PartialFormatterTests.swift */,
				34776AA71BE2BF1100400790 /* PhoneNumberKitParsingTests.swift */,
				342418751BB6E5A000EE70E7 /* Info.plist */,
			);
			path = PhoneNumberKitTests;
			sourceTree = "<group>";
		};
		3435CC8F1BBFF66F003F953B /* Resources */ = {
			isa = PBXGroup;
			children = (
				3435CC951BBFF66F003F953B /* PhoneNumberMetadata.json */,
			);
			path = Resources;
			sourceTree = "<group>";
		};
/* End PBXGroup section */

/* Begin PBXHeadersBuildPhase section */
		342418611BB6E5A000EE70E7 /* Headers */ = {
			isa = PBXHeadersBuildPhase;
			buildActionMask = 2147483647;
			files = (
				C6DF6CA81D1B145300259F4B /* PhoneNumberKit.h in Headers */,
			);
			runOnlyForDeploymentPostprocessing = 0;
		};
		C6DF6C481D1B09CF00259F4B /* Headers */ = {
			isa = PBXHeadersBuildPhase;
			buildActionMask = 2147483647;
			files = (
				34FD5D2B1D55F7AE00F328F9 /* PhoneNumberKit.h in Headers */,
			);
			runOnlyForDeploymentPostprocessing = 0;
		};
		C6DF6C8E1D1B120400259F4B /* Headers */ = {
			isa = PBXHeadersBuildPhase;
			buildActionMask = 2147483647;
			files = (
				34FD5D2C1D55F7AE00F328F9 /* PhoneNumberKit.h in Headers */,
			);
			runOnlyForDeploymentPostprocessing = 0;
		};
		C6DF6CC91D1B18B000259F4B /* Headers */ = {
			isa = PBXHeadersBuildPhase;
			buildActionMask = 2147483647;
			files = (
				C6DF6CD41D1B18CE00259F4B /* PhoneNumberKit.h in Headers */,
			);
			runOnlyForDeploymentPostprocessing = 0;
		};
/* End PBXHeadersBuildPhase section */

/* Begin PBXNativeTarget section */
		342418631BB6E5A000EE70E7 /* PhoneNumberKit */ = {
			isa = PBXNativeTarget;
			buildConfigurationList = 342418781BB6E5A000EE70E7 /* Build configuration list for PBXNativeTarget "PhoneNumberKit" */;
			buildPhases = (
				3424185F1BB6E5A000EE70E7 /* Sources */,
				342418601BB6E5A000EE70E7 /* Frameworks */,
				342418611BB6E5A000EE70E7 /* Headers */,
				342418621BB6E5A000EE70E7 /* Resources */,
			);
			buildRules = (
			);
			dependencies = (
			);
			name = PhoneNumberKit;
			productName = PhoneNumberKit;
			productReference = 342418641BB6E5A000EE70E7 /* PhoneNumberKit.framework */;
			productType = "com.apple.product-type.framework";
		};
		3424186D1BB6E5A000EE70E7 /* PhoneNumberKitTests */ = {
			isa = PBXNativeTarget;
			buildConfigurationList = 3424187B1BB6E5A000EE70E7 /* Build configuration list for PBXNativeTarget "PhoneNumberKitTests" */;
			buildPhases = (
				3424186A1BB6E5A000EE70E7 /* Sources */,
				3424186B1BB6E5A000EE70E7 /* Frameworks */,
				3424186C1BB6E5A000EE70E7 /* Resources */,
			);
			buildRules = (
			);
			dependencies = (
				342418711BB6E5A000EE70E7 /* PBXTargetDependency */,
			);
			name = PhoneNumberKitTests;
			productName = PhoneNumberKitTests;
			productReference = 3424186E1BB6E5A000EE70E7 /* PhoneNumberKitTests.xctest */;
			productType = "com.apple.product-type.bundle.unit-test";
		};
		C6DF6C4A1D1B09CF00259F4B /* PhoneNumberKit-macOS */ = {
			isa = PBXNativeTarget;
			buildConfigurationList = C6DF6C521D1B09CF00259F4B /* Build configuration list for PBXNativeTarget "PhoneNumberKit-macOS" */;
			buildPhases = (
				C6DF6C461D1B09CF00259F4B /* Sources */,
				C6DF6C471D1B09CF00259F4B /* Frameworks */,
				C6DF6C481D1B09CF00259F4B /* Headers */,
				C6DF6C491D1B09CF00259F4B /* Resources */,
			);
			buildRules = (
			);
			dependencies = (
			);
			name = "PhoneNumberKit-macOS";
			productName = "PhoneNumberKit-macOS";
			productReference = C6DF6C4B1D1B09CF00259F4B /* PhoneNumberKit.framework */;
			productType = "com.apple.product-type.framework";
		};
		C6DF6C901D1B120400259F4B /* PhoneNumberKit-watchOS */ = {
			isa = PBXNativeTarget;
			buildConfigurationList = C6DF6C981D1B120400259F4B /* Build configuration list for PBXNativeTarget "PhoneNumberKit-watchOS" */;
			buildPhases = (
				C6DF6C8C1D1B120400259F4B /* Sources */,
				C6DF6C8D1D1B120400259F4B /* Frameworks */,
				C6DF6C8E1D1B120400259F4B /* Headers */,
				C6DF6C8F1D1B120400259F4B /* Resources */,
			);
			buildRules = (
			);
			dependencies = (
			);
			name = "PhoneNumberKit-watchOS";
			productName = "PhoneNumberKit-watchOS";
			productReference = C6DF6C911D1B120400259F4B /* PhoneNumberKit.framework */;
			productType = "com.apple.product-type.framework";
		};
		C6DF6CCB1D1B18B000259F4B /* PhoneNumberKit-tvOS */ = {
			isa = PBXNativeTarget;
			buildConfigurationList = C6DF6CD11D1B18B000259F4B /* Build configuration list for PBXNativeTarget "PhoneNumberKit-tvOS" */;
			buildPhases = (
				C6DF6CC71D1B18B000259F4B /* Sources */,
				C6DF6CC81D1B18B000259F4B /* Frameworks */,
				C6DF6CC91D1B18B000259F4B /* Headers */,
				C6DF6CCA1D1B18B000259F4B /* Resources */,
			);
			buildRules = (
			);
			dependencies = (
			);
			name = "PhoneNumberKit-tvOS";
			productName = "PhoneNumberKit-tvOS";
			productReference = C6DF6CCC1D1B18B000259F4B /* PhoneNumberKit.framework */;
			productType = "com.apple.product-type.framework";
		};
/* End PBXNativeTarget section */

/* Begin PBXProject section */
		3424185B1BB6E5A000EE70E7 /* Project object */ = {
			isa = PBXProject;
			attributes = {
				LastSwiftUpdateCheck = 0700;
				LastUpgradeCheck = 1020;
				ORGANIZATIONNAME = "Roy Marmelstein";
				TargetAttributes = {
					342418631BB6E5A000EE70E7 = {
						CreatedOnToolsVersion = 7.0;
						LastSwiftMigration = 1020;
					};
					3424186D1BB6E5A000EE70E7 = {
						CreatedOnToolsVersion = 7.0;
						LastSwiftMigration = 1020;
					};
					C6DF6C4A1D1B09CF00259F4B = {
						CreatedOnToolsVersion = 7.3.1;
						LastSwiftMigration = 1000;
					};
					C6DF6C901D1B120400259F4B = {
						CreatedOnToolsVersion = 7.3.1;
						LastSwiftMigration = 1000;
					};
					C6DF6CCB1D1B18B000259F4B = {
						CreatedOnToolsVersion = 7.3.1;
						LastSwiftMigration = 1000;
					};
				};
			};
			buildConfigurationList = 3424185E1BB6E5A000EE70E7 /* Build configuration list for PBXProject "PhoneNumberKit" */;
			compatibilityVersion = "Xcode 8.0";
			developmentRegion = en;
			hasScannedForEncodings = 0;
			knownRegions = (
				en,
			);
			mainGroup = 3424185A1BB6E5A000EE70E7;
			productRefGroup = 342418651BB6E5A000EE70E7 /* Products */;
			projectDirPath = "";
			projectRoot = "";
			targets = (
				342418631BB6E5A000EE70E7 /* PhoneNumberKit */,
				C6DF6C4A1D1B09CF00259F4B /* PhoneNumberKit-macOS */,
				C6DF6C901D1B120400259F4B /* PhoneNumberKit-watchOS */,
				C6DF6CCB1D1B18B000259F4B /* PhoneNumberKit-tvOS */,
				3424186D1BB6E5A000EE70E7 /* PhoneNumberKitTests */,
			);
		};
/* End PBXProject section */

/* Begin PBXResourcesBuildPhase section */
		342418621BB6E5A000EE70E7 /* Resources */ = {
			isa = PBXResourcesBuildPhase;
			buildActionMask = 2147483647;
			files = (
				3435CC9F1BBFF66F003F953B /* PhoneNumberMetadata.json in Resources */,
			);
			runOnlyForDeploymentPostprocessing = 0;
		};
		3424186C1BB6E5A000EE70E7 /* Resources */ = {
			isa = PBXResourcesBuildPhase;
			buildActionMask = 2147483647;
			files = (
				3435CCA01BBFF66F003F953B /* PhoneNumberMetadata.json in Resources */,
			);
			runOnlyForDeploymentPostprocessing = 0;
		};
		C6DF6C491D1B09CF00259F4B /* Resources */ = {
			isa = PBXResourcesBuildPhase;
			buildActionMask = 2147483647;
			files = (
				C6DF6C601D1B09E200259F4B /* PhoneNumberMetadata.json in Resources */,
			);
			runOnlyForDeploymentPostprocessing = 0;
		};
		C6DF6C8F1D1B120400259F4B /* Resources */ = {
			isa = PBXResourcesBuildPhase;
			buildActionMask = 2147483647;
			files = (
				C6DF6CBE1D1B15A200259F4B /* PhoneNumberMetadata.json in Resources */,
			);
			runOnlyForDeploymentPostprocessing = 0;
		};
		C6DF6CCA1D1B18B000259F4B /* Resources */ = {
			isa = PBXResourcesBuildPhase;
			buildActionMask = 2147483647;
			files = (
				C6DF6CE11D1B18DD00259F4B /* PhoneNumberMetadata.json in Resources */,
			);
			runOnlyForDeploymentPostprocessing = 0;
		};
/* End PBXResourcesBuildPhase section */

/* Begin PBXSourcesBuildPhase section */
		3424185F1BB6E5A000EE70E7 /* Sources */ = {
			isa = PBXSourcesBuildPhase;
			buildActionMask = 2147483647;
			files = (
				11C2EF391D62BC3200052D44 /* NSRegularExpression+Swift.swift in Sources */,
				342418821BB70F5200EE70E7 /* PhoneNumberParser.swift in Sources */,
				346922671BC01DCC0023482F /* MetadataManager.swift in Sources */,
				3420CF5E1BE8959F00FAE34F /* Formatter.swift in Sources */,
				343B850D1C62A25600918E46 /* TextField.swift in Sources */,
				3417BD6B2210AC4900477EE7 /* MetadataParsing.swift in Sources */,
				346922691BC023A60023482F /* PhoneNumberKit.swift in Sources */,
				343B850C1C62A25600918E46 /* PartialFormatter.swift in Sources */,
				3422D9BA1BE6A2D500867D02 /* ParseManager.swift in Sources */,
				34566C9A1BC112C500715E6B /* RegexManager.swift in Sources */,
				342418801BB705B500EE70E7 /* PhoneNumber.swift in Sources */,
				1B0651171E2AD698006AE849 /* PhoneNumberFormatter.swift in Sources */,
				34AA66021BDD160B00467912 /* Constants.swift in Sources */,
				342548F01BE7EED500FBE524 /* MetadataTypes.swift in Sources */,
			);
			runOnlyForDeploymentPostprocessing = 0;
		};
		3424186A1BB6E5A000EE70E7 /* Sources */ = {
			isa = PBXSourcesBuildPhase;
			buildActionMask = 2147483647;
			files = (
				34776AA81BE2BF1100400790 /* PhoneNumberKitParsingTests.swift in Sources */,
				342418741BB6E5A000EE70E7 /* PhoneNumberKitTests.swift in Sources */,
				346EF14E1C69C688008C7306 /* PartialFormatterTests.swift in Sources */,
			);
			runOnlyForDeploymentPostprocessing = 0;
		};
		C6DF6C461D1B09CF00259F4B /* Sources */ = {
			isa = PBXSourcesBuildPhase;
			buildActionMask = 2147483647;
			files = (
				C6DF6C5D1D1B09DD00259F4B /* PhoneNumberKit.swift in Sources */,
				C6B53DA71D94508400E607DD /* NSRegularExpression+Swift.swift in Sources */,
				C6DF6C5A1D1B09DD00259F4B /* ParseManager.swift in Sources */,
				C6DF6C5E1D1B09DD00259F4B /* PhoneNumberParser.swift in Sources */,
				1B1A4DD723007580006AE849 /* PhoneNumberFormatter.swift in Sources */,
				C6DF6C551D1B09DD00259F4B /* Formatter.swift in Sources */,
				1B80904E2300B4DC006AE849 /* MetadataParsing.swift in Sources */,
				C6DF6C5C1D1B09DD00259F4B /* PhoneNumber.swift in Sources */,
				C6DF6C541D1B09DD00259F4B /* Constants.swift in Sources */,
				C6DF6C591D1B09DD00259F4B /* MetadataTypes.swift in Sources */,
				C6DF6C5F1D1B09DD00259F4B /* RegexManager.swift in Sources */,
				C6DF6C581D1B09DD00259F4B /* MetadataManager.swift in Sources */,
				C6DF6C561D1B09DD00259F4B /* PartialFormatter.swift in Sources */,
			);
			runOnlyForDeploymentPostprocessing = 0;
		};
		C6DF6C8C1D1B120400259F4B /* Sources */ = {
			isa = PBXSourcesBuildPhase;
			buildActionMask = 2147483647;
			files = (
				C6DF6CBB1D1B159A00259F4B /* PhoneNumberKit.swift in Sources */,
				C6B53DA51D944F8000E607DD /* NSRegularExpression+Swift.swift in Sources */,
				C6DF6CB81D1B159A00259F4B /* ParseManager.swift in Sources */,
				C6DF6CBC1D1B159A00259F4B /* PhoneNumberParser.swift in Sources */,
				1B1A4DD9230075A6006AE849 /* PhoneNumberFormatter.swift in Sources */,
				C6DF6CB31D1B159A00259F4B /* Formatter.swift in Sources */,
				1B80904F2300B4DC006AE849 /* MetadataParsing.swift in Sources */,
				C6DF6CBA1D1B159A00259F4B /* PhoneNumber.swift in Sources */,
				C6DF6CB21D1B159A00259F4B /* Constants.swift in Sources */,
				C6DF6CB71D1B159A00259F4B /* MetadataTypes.swift in Sources */,
				C6DF6CBD1D1B159A00259F4B /* RegexManager.swift in Sources */,
				C6DF6CB61D1B159A00259F4B /* MetadataManager.swift in Sources */,
				C6DF6CB41D1B159A00259F4B /* PartialFormatter.swift in Sources */,
			);
			runOnlyForDeploymentPostprocessing = 0;
		};
		C6DF6CC71D1B18B000259F4B /* Sources */ = {
			isa = PBXSourcesBuildPhase;
			buildActionMask = 2147483647;
			files = (
				C6B53DA61D944F8000E607DD /* NSRegularExpression+Swift.swift in Sources */,
				C6DF6CDE1D1B18D800259F4B /* PhoneNumberKit.swift in Sources */,
				C6DF6CDB1D1B18D800259F4B /* ParseManager.swift in Sources */,
				C6DF6CDF1D1B18D800259F4B /* PhoneNumberParser.swift in Sources */,
				C6DF6CD61D1B18D800259F4B /* Formatter.swift in Sources */,
				C6DF6CDD1D1B18D800259F4B /* PhoneNumber.swift in Sources */,
				C6DF6CD51D1B18D800259F4B /* Constants.swift in Sources */,
				1B8090502300B4DD006AE849 /* MetadataParsing.swift in Sources */,
				C6DF6CDA1D1B18D800259F4B /* MetadataTypes.swift in Sources */,
				C6DF6CE01D1B18D800259F4B /* RegexManager.swift in Sources */,
				C6DF6CD91D1B18D800259F4B /* MetadataManager.swift in Sources */,
				1B1A4DD82300759E006AE849 /* PhoneNumberFormatter.swift in Sources */,
				C6DF6CD71D1B18D800259F4B /* PartialFormatter.swift in Sources */,
				C6DF6CD81D1B18D800259F4B /* TextField.swift in Sources */,
			);
			runOnlyForDeploymentPostprocessing = 0;
		};
/* End PBXSourcesBuildPhase section */

/* Begin PBXTargetDependency section */
		342418711BB6E5A000EE70E7 /* PBXTargetDependency */ = {
			isa = PBXTargetDependency;
			target = 342418631BB6E5A000EE70E7 /* PhoneNumberKit */;
			targetProxy = 342418701BB6E5A000EE70E7 /* PBXContainerItemProxy */;
		};
/* End PBXTargetDependency section */

/* Begin XCBuildConfiguration section */
		342418761BB6E5A000EE70E7 /* Debug */ = {
			isa = XCBuildConfiguration;
			buildSettings = {
				ALWAYS_SEARCH_USER_PATHS = NO;
				CLANG_ANALYZER_LOCALIZABILITY_NONLOCALIZED = YES;
				CLANG_CXX_LANGUAGE_STANDARD = "gnu++0x";
				CLANG_CXX_LIBRARY = "libc++";
				CLANG_ENABLE_MODULES = YES;
				CLANG_ENABLE_OBJC_ARC = YES;
				CLANG_WARN_BLOCK_CAPTURE_AUTORELEASING = YES;
				CLANG_WARN_BOOL_CONVERSION = YES;
				CLANG_WARN_COMMA = YES;
				CLANG_WARN_CONSTANT_CONVERSION = YES;
				CLANG_WARN_DEPRECATED_OBJC_IMPLEMENTATIONS = YES;
				CLANG_WARN_DIRECT_OBJC_ISA_USAGE = YES_ERROR;
				CLANG_WARN_EMPTY_BODY = YES;
				CLANG_WARN_ENUM_CONVERSION = YES;
				CLANG_WARN_INFINITE_RECURSION = YES;
				CLANG_WARN_INT_CONVERSION = YES;
				CLANG_WARN_NON_LITERAL_NULL_CONVERSION = YES;
				CLANG_WARN_OBJC_IMPLICIT_RETAIN_SELF = YES;
				CLANG_WARN_OBJC_LITERAL_CONVERSION = YES;
				CLANG_WARN_OBJC_ROOT_CLASS = YES_ERROR;
				CLANG_WARN_RANGE_LOOP_ANALYSIS = YES;
				CLANG_WARN_STRICT_PROTOTYPES = YES;
				CLANG_WARN_SUSPICIOUS_MOVE = YES;
				CLANG_WARN_UNREACHABLE_CODE = YES;
				CLANG_WARN__DUPLICATE_METHOD_MATCH = YES;
				"CODE_SIGN_IDENTITY[sdk=iphoneos*]" = "iPhone Developer";
				COPY_PHASE_STRIP = NO;
				CURRENT_PROJECT_VERSION = 22;
				DEBUG_INFORMATION_FORMAT = dwarf;
				ENABLE_STRICT_OBJC_MSGSEND = YES;
				ENABLE_TESTABILITY = YES;
				GCC_C_LANGUAGE_STANDARD = gnu99;
				GCC_DYNAMIC_NO_PIC = NO;
				GCC_GENERATE_TEST_COVERAGE_FILES = YES;
				GCC_INSTRUMENT_PROGRAM_FLOW_ARCS = YES;
				GCC_NO_COMMON_BLOCKS = YES;
				GCC_OPTIMIZATION_LEVEL = 0;
				GCC_PREPROCESSOR_DEFINITIONS = (
					"DEBUG=1",
					"$(inherited)",
				);
				GCC_WARN_64_TO_32_BIT_CONVERSION = YES;
				GCC_WARN_ABOUT_RETURN_TYPE = YES_ERROR;
				GCC_WARN_UNDECLARED_SELECTOR = YES;
				GCC_WARN_UNINITIALIZED_AUTOS = YES_AGGRESSIVE;
				GCC_WARN_UNUSED_FUNCTION = YES;
				GCC_WARN_UNUSED_VARIABLE = YES;
				IPHONEOS_DEPLOYMENT_TARGET = 9.0;
				MTL_ENABLE_DEBUG_INFO = YES;
				ONLY_ACTIVE_ARCH = YES;
				SDKROOT = iphoneos;
				SWIFT_OPTIMIZATION_LEVEL = "-Onone";
				SWIFT_VERSION = 5.0;
				TARGETED_DEVICE_FAMILY = "1,2";
				VERSIONING_SYSTEM = "apple-generic";
				VERSION_INFO_PREFIX = "";
			};
			name = Debug;
		};
		342418771BB6E5A000EE70E7 /* Release */ = {
			isa = XCBuildConfiguration;
			buildSettings = {
				ALWAYS_SEARCH_USER_PATHS = NO;
				CLANG_ANALYZER_LOCALIZABILITY_NONLOCALIZED = YES;
				CLANG_CXX_LANGUAGE_STANDARD = "gnu++0x";
				CLANG_CXX_LIBRARY = "libc++";
				CLANG_ENABLE_MODULES = YES;
				CLANG_ENABLE_OBJC_ARC = YES;
				CLANG_WARN_BLOCK_CAPTURE_AUTORELEASING = YES;
				CLANG_WARN_BOOL_CONVERSION = YES;
				CLANG_WARN_COMMA = YES;
				CLANG_WARN_CONSTANT_CONVERSION = YES;
				CLANG_WARN_DEPRECATED_OBJC_IMPLEMENTATIONS = YES;
				CLANG_WARN_DIRECT_OBJC_ISA_USAGE = YES_ERROR;
				CLANG_WARN_EMPTY_BODY = YES;
				CLANG_WARN_ENUM_CONVERSION = YES;
				CLANG_WARN_INFINITE_RECURSION = YES;
				CLANG_WARN_INT_CONVERSION = YES;
				CLANG_WARN_NON_LITERAL_NULL_CONVERSION = YES;
				CLANG_WARN_OBJC_IMPLICIT_RETAIN_SELF = YES;
				CLANG_WARN_OBJC_LITERAL_CONVERSION = YES;
				CLANG_WARN_OBJC_ROOT_CLASS = YES_ERROR;
				CLANG_WARN_RANGE_LOOP_ANALYSIS = YES;
				CLANG_WARN_STRICT_PROTOTYPES = YES;
				CLANG_WARN_SUSPICIOUS_MOVE = YES;
				CLANG_WARN_UNREACHABLE_CODE = YES;
				CLANG_WARN__DUPLICATE_METHOD_MATCH = YES;
				"CODE_SIGN_IDENTITY[sdk=iphoneos*]" = "iPhone Developer";
				COPY_PHASE_STRIP = NO;
				CURRENT_PROJECT_VERSION = 22;
				DEBUG_INFORMATION_FORMAT = "dwarf-with-dsym";
				ENABLE_NS_ASSERTIONS = NO;
				ENABLE_STRICT_OBJC_MSGSEND = YES;
				GCC_C_LANGUAGE_STANDARD = gnu99;
				GCC_GENERATE_TEST_COVERAGE_FILES = NO;
				GCC_INSTRUMENT_PROGRAM_FLOW_ARCS = NO;
				GCC_NO_COMMON_BLOCKS = YES;
				GCC_WARN_64_TO_32_BIT_CONVERSION = YES;
				GCC_WARN_ABOUT_RETURN_TYPE = YES_ERROR;
				GCC_WARN_UNDECLARED_SELECTOR = YES;
				GCC_WARN_UNINITIALIZED_AUTOS = YES_AGGRESSIVE;
				GCC_WARN_UNUSED_FUNCTION = YES;
				GCC_WARN_UNUSED_VARIABLE = YES;
				IPHONEOS_DEPLOYMENT_TARGET = 9.0;
				MTL_ENABLE_DEBUG_INFO = NO;
				SDKROOT = iphoneos;
				SWIFT_OPTIMIZATION_LEVEL = "-Owholemodule";
				SWIFT_VERSION = 5.0;
				TARGETED_DEVICE_FAMILY = "1,2";
				VALIDATE_PRODUCT = YES;
				VERSIONING_SYSTEM = "apple-generic";
				VERSION_INFO_PREFIX = "";
			};
			name = Release;
		};
		342418791BB6E5A000EE70E7 /* Debug */ = {
			isa = XCBuildConfiguration;
			buildSettings = {
				APPLICATION_EXTENSION_API_ONLY = YES;
				CLANG_ENABLE_MODULES = YES;
				"CODE_SIGN_IDENTITY[sdk=iphoneos*]" = "";
				DEFINES_MODULE = YES;
				DYLIB_COMPATIBILITY_VERSION = 1;
				DYLIB_CURRENT_VERSION = 22;
				DYLIB_INSTALL_NAME_BASE = "@rpath";
				INFOPLIST_FILE = PhoneNumberKit/Info.plist;
				INSTALL_PATH = "$(LOCAL_LIBRARY_DIR)/Frameworks";
				IPHONEOS_DEPLOYMENT_TARGET = 8.0;
				LD_RUNPATH_SEARCH_PATHS = "$(inherited) @executable_path/Frameworks @loader_path/Frameworks";
				PRODUCT_BUNDLE_IDENTIFIER = com.roymarmelstein.PhoneNumberKit;
				PRODUCT_NAME = "$(TARGET_NAME)";
				SKIP_INSTALL = YES;
				SWIFT_OPTIMIZATION_LEVEL = "-Onone";
			};
			name = Debug;
		};
		3424187A1BB6E5A000EE70E7 /* Release */ = {
			isa = XCBuildConfiguration;
			buildSettings = {
				APPLICATION_EXTENSION_API_ONLY = YES;
				CLANG_ENABLE_MODULES = YES;
				"CODE_SIGN_IDENTITY[sdk=iphoneos*]" = "";
				DEFINES_MODULE = YES;
				DYLIB_COMPATIBILITY_VERSION = 1;
				DYLIB_CURRENT_VERSION = 22;
				DYLIB_INSTALL_NAME_BASE = "@rpath";
				INFOPLIST_FILE = PhoneNumberKit/Info.plist;
				INSTALL_PATH = "$(LOCAL_LIBRARY_DIR)/Frameworks";
				IPHONEOS_DEPLOYMENT_TARGET = 8.0;
				LD_RUNPATH_SEARCH_PATHS = "$(inherited) @executable_path/Frameworks @loader_path/Frameworks";
				PRODUCT_BUNDLE_IDENTIFIER = com.roymarmelstein.PhoneNumberKit;
				PRODUCT_NAME = "$(TARGET_NAME)";
				SKIP_INSTALL = YES;
				SWIFT_OPTIMIZATION_LEVEL = "-Owholemodule";
			};
			name = Release;
		};
		3424187C1BB6E5A000EE70E7 /* Debug */ = {
			isa = XCBuildConfiguration;
			buildSettings = {
				INFOPLIST_FILE = PhoneNumberKitTests/Info.plist;
				LD_RUNPATH_SEARCH_PATHS = "$(inherited) @executable_path/Frameworks @loader_path/Frameworks";
				PRODUCT_BUNDLE_IDENTIFIER = com.roymarmelstein.PhoneNumberKitTests;
				PRODUCT_NAME = "$(TARGET_NAME)";
			};
			name = Debug;
		};
		3424187D1BB6E5A000EE70E7 /* Release */ = {
			isa = XCBuildConfiguration;
			buildSettings = {
				INFOPLIST_FILE = PhoneNumberKitTests/Info.plist;
				LD_RUNPATH_SEARCH_PATHS = "$(inherited) @executable_path/Frameworks @loader_path/Frameworks";
				PRODUCT_BUNDLE_IDENTIFIER = com.roymarmelstein.PhoneNumberKitTests;
				PRODUCT_NAME = "$(TARGET_NAME)";
				SWIFT_OPTIMIZATION_LEVEL = "-Owholemodule";
			};
			name = Release;
		};
		C6DF6C501D1B09CF00259F4B /* Debug */ = {
			isa = XCBuildConfiguration;
			buildSettings = {
				CLANG_ANALYZER_NONNULL = YES;
				CODE_SIGN_IDENTITY = "";
				COMBINE_HIDPI_IMAGES = YES;
				CURRENT_PROJECT_VERSION = 22;
				DEFINES_MODULE = YES;
				DYLIB_COMPATIBILITY_VERSION = 1;
				DYLIB_CURRENT_VERSION = 22;
				DYLIB_INSTALL_NAME_BASE = "@rpath";
				FRAMEWORK_VERSION = A;
				INFOPLIST_FILE = "$(SRCROOT)/PhoneNumberKit/Info.plist";
				INSTALL_PATH = "$(LOCAL_LIBRARY_DIR)/Frameworks";
				LD_RUNPATH_SEARCH_PATHS = "$(inherited) @executable_path/../Frameworks @loader_path/Frameworks";
				MACOSX_DEPLOYMENT_TARGET = 10.10;
				PRODUCT_BUNDLE_IDENTIFIER = com.roymarmelstein.PhoneNumberKit.PhoneNumberKit;
				PRODUCT_NAME = PhoneNumberKit;
				SDKROOT = macosx;
				SKIP_INSTALL = YES;
			};
			name = Debug;
		};
		C6DF6C511D1B09CF00259F4B /* Release */ = {
			isa = XCBuildConfiguration;
			buildSettings = {
				CLANG_ANALYZER_NONNULL = YES;
				CODE_SIGN_IDENTITY = "";
				COMBINE_HIDPI_IMAGES = YES;
				CURRENT_PROJECT_VERSION = 22;
				DEFINES_MODULE = YES;
				DYLIB_COMPATIBILITY_VERSION = 1;
				DYLIB_CURRENT_VERSION = 22;
				DYLIB_INSTALL_NAME_BASE = "@rpath";
				FRAMEWORK_VERSION = A;
				INFOPLIST_FILE = "$(SRCROOT)/PhoneNumberKit/Info.plist";
				INSTALL_PATH = "$(LOCAL_LIBRARY_DIR)/Frameworks";
				LD_RUNPATH_SEARCH_PATHS = "$(inherited) @executable_path/../Frameworks @loader_path/Frameworks";
				MACOSX_DEPLOYMENT_TARGET = 10.10;
				PRODUCT_BUNDLE_IDENTIFIER = com.roymarmelstein.PhoneNumberKit.PhoneNumberKit;
				PRODUCT_NAME = PhoneNumberKit;
				SDKROOT = macosx;
				SKIP_INSTALL = YES;
			};
			name = Release;
		};
		C6DF6C961D1B120400259F4B /* Debug */ = {
			isa = XCBuildConfiguration;
			buildSettings = {
				APPLICATION_EXTENSION_API_ONLY = YES;
				CLANG_ANALYZER_NONNULL = YES;
				"CODE_SIGN_IDENTITY[sdk=watchos*]" = "";
				CURRENT_PROJECT_VERSION = 22;
				DEFINES_MODULE = YES;
				DYLIB_COMPATIBILITY_VERSION = 1;
				DYLIB_CURRENT_VERSION = 22;
				DYLIB_INSTALL_NAME_BASE = "@rpath";
				INFOPLIST_FILE = PhoneNumberKit/Info.plist;
				INSTALL_PATH = "$(LOCAL_LIBRARY_DIR)/Frameworks";
				LD_RUNPATH_SEARCH_PATHS = "$(inherited) @executable_path/Frameworks @loader_path/Frameworks";
				PRODUCT_BUNDLE_IDENTIFIER = com.roymarmelstein.PhoneNumberKit.PhoneNumberKit;
				PRODUCT_NAME = PhoneNumberKit;
				SDKROOT = watchos;
				SKIP_INSTALL = YES;
				TARGETED_DEVICE_FAMILY = 4;
				WATCHOS_DEPLOYMENT_TARGET = 2.2;
			};
			name = Debug;
		};
		C6DF6C971D1B120400259F4B /* Release */ = {
			isa = XCBuildConfiguration;
			buildSettings = {
				APPLICATION_EXTENSION_API_ONLY = YES;
				CLANG_ANALYZER_NONNULL = YES;
				"CODE_SIGN_IDENTITY[sdk=watchos*]" = "";
				CURRENT_PROJECT_VERSION = 22;
				DEFINES_MODULE = YES;
				DYLIB_COMPATIBILITY_VERSION = 1;
				DYLIB_CURRENT_VERSION = 22;
				DYLIB_INSTALL_NAME_BASE = "@rpath";
				INFOPLIST_FILE = PhoneNumberKit/Info.plist;
				INSTALL_PATH = "$(LOCAL_LIBRARY_DIR)/Frameworks";
				LD_RUNPATH_SEARCH_PATHS = "$(inherited) @executable_path/Frameworks @loader_path/Frameworks";
				PRODUCT_BUNDLE_IDENTIFIER = com.roymarmelstein.PhoneNumberKit.PhoneNumberKit;
				PRODUCT_NAME = PhoneNumberKit;
				SDKROOT = watchos;
				SKIP_INSTALL = YES;
				TARGETED_DEVICE_FAMILY = 4;
				WATCHOS_DEPLOYMENT_TARGET = 2.2;
			};
			name = Release;
		};
		C6DF6CD21D1B18B000259F4B /* Debug */ = {
			isa = XCBuildConfiguration;
			buildSettings = {
				CLANG_ANALYZER_NONNULL = YES;
				"CODE_SIGN_IDENTITY[sdk=appletvos*]" = "";
				CURRENT_PROJECT_VERSION = 22;
				DEFINES_MODULE = YES;
				DYLIB_COMPATIBILITY_VERSION = 1;
				DYLIB_CURRENT_VERSION = 22;
				DYLIB_INSTALL_NAME_BASE = "@rpath";
				INFOPLIST_FILE = "$(SRCROOT)/PhoneNumberKit/Info.plist";
				INSTALL_PATH = "$(LOCAL_LIBRARY_DIR)/Frameworks";
				LD_RUNPATH_SEARCH_PATHS = "$(inherited) @executable_path/Frameworks @loader_path/Frameworks";
				PRODUCT_BUNDLE_IDENTIFIER = com.roymarmelstein.PhoneNumberKit.PhoneNumberKit;
				PRODUCT_NAME = PhoneNumberKit;
				SDKROOT = appletvos;
				SKIP_INSTALL = YES;
				TARGETED_DEVICE_FAMILY = 3;
				TVOS_DEPLOYMENT_TARGET = 9.2;
			};
			name = Debug;
		};
		C6DF6CD31D1B18B000259F4B /* Release */ = {
			isa = XCBuildConfiguration;
			buildSettings = {
				CLANG_ANALYZER_NONNULL = YES;
				"CODE_SIGN_IDENTITY[sdk=appletvos*]" = "";
				CURRENT_PROJECT_VERSION = 22;
				DEFINES_MODULE = YES;
				DYLIB_COMPATIBILITY_VERSION = 1;
				DYLIB_CURRENT_VERSION = 22;
				DYLIB_INSTALL_NAME_BASE = "@rpath";
				INFOPLIST_FILE = "$(SRCROOT)/PhoneNumberKit/Info.plist";
				INSTALL_PATH = "$(LOCAL_LIBRARY_DIR)/Frameworks";
				LD_RUNPATH_SEARCH_PATHS = "$(inherited) @executable_path/Frameworks @loader_path/Frameworks";
				PRODUCT_BUNDLE_IDENTIFIER = com.roymarmelstein.PhoneNumberKit.PhoneNumberKit;
				PRODUCT_NAME = PhoneNumberKit;
				SDKROOT = appletvos;
				SKIP_INSTALL = YES;
				TARGETED_DEVICE_FAMILY = 3;
				TVOS_DEPLOYMENT_TARGET = 9.2;
			};
			name = Release;
		};
/* End XCBuildConfiguration section */

/* Begin XCConfigurationList section */
		3424185E1BB6E5A000EE70E7 /* Build configuration list for PBXProject "PhoneNumberKit" */ = {
			isa = XCConfigurationList;
			buildConfigurations = (
				342418761BB6E5A000EE70E7 /* Debug */,
				342418771BB6E5A000EE70E7 /* Release */,
			);
			defaultConfigurationIsVisible = 0;
			defaultConfigurationName = Release;
		};
		342418781BB6E5A000EE70E7 /* Build configuration list for PBXNativeTarget "PhoneNumberKit" */ = {
			isa = XCConfigurationList;
			buildConfigurations = (
				342418791BB6E5A000EE70E7 /* Debug */,
				3424187A1BB6E5A000EE70E7 /* Release */,
			);
			defaultConfigurationIsVisible = 0;
			defaultConfigurationName = Release;
		};
		3424187B1BB6E5A000EE70E7 /* Build configuration list for PBXNativeTarget "PhoneNumberKitTests" */ = {
			isa = XCConfigurationList;
			buildConfigurations = (
				3424187C1BB6E5A000EE70E7 /* Debug */,
				3424187D1BB6E5A000EE70E7 /* Release */,
			);
			defaultConfigurationIsVisible = 0;
			defaultConfigurationName = Release;
		};
		C6DF6C521D1B09CF00259F4B /* Build configuration list for PBXNativeTarget "PhoneNumberKit-macOS" */ = {
			isa = XCConfigurationList;
			buildConfigurations = (
				C6DF6C501D1B09CF00259F4B /* Debug */,
				C6DF6C511D1B09CF00259F4B /* Release */,
			);
			defaultConfigurationIsVisible = 0;
			defaultConfigurationName = Release;
		};
		C6DF6C981D1B120400259F4B /* Build configuration list for PBXNativeTarget "PhoneNumberKit-watchOS" */ = {
			isa = XCConfigurationList;
			buildConfigurations = (
				C6DF6C961D1B120400259F4B /* Debug */,
				C6DF6C971D1B120400259F4B /* Release */,
			);
			defaultConfigurationIsVisible = 0;
			defaultConfigurationName = Release;
		};
		C6DF6CD11D1B18B000259F4B /* Build configuration list for PBXNativeTarget "PhoneNumberKit-tvOS" */ = {
			isa = XCConfigurationList;
			buildConfigurations = (
				C6DF6CD21D1B18B000259F4B /* Debug */,
				C6DF6CD31D1B18B000259F4B /* Release */,
			);
			defaultConfigurationIsVisible = 0;
			defaultConfigurationName = Release;
		};
/* End XCConfigurationList section */
	};
	rootObject = 3424185B1BB6E5A000EE70E7 /* Project object */;
}
