// !$*UTF8*$!
{
	archiveVersion = 1;
	classes = {
	};
	objectVersion = 46;
	objects = {

/* Begin PBXBuildFile section */
		344D87571BDED6A200487684 /* Contacts.framework in Frameworks */ = {isa = PBXBuildFile; fileRef = 344D87561BDED6A200487684 /* Contacts.framework */; };
		344D875A1BDED6A600487684 /* ContactsUI.framework in Frameworks */ = {isa = PBXBuildFile; fileRef = 344D87591BDED6A600487684 /* ContactsUI.framework */; };
		3472096B1BB808D1004DE6DA /* AppDelegate.swift in Sources */ = {isa = PBXBuildFile; fileRef = 3472096A1BB808D1004DE6DA /* AppDelegate.swift */; };
		3472096D1BB808D1004DE6DA /* ViewController.swift in Sources */ = {isa = PBXBuildFile; fileRef = 3472096C1BB808D1004DE6DA /* ViewController.swift */; };
		347209701BB808D1004DE6DA /* Main.storyboard in Resources */ = {isa = PBXBuildFile; fileRef = 3472096E1BB808D1004DE6DA /* Main.storyboard */; };
		347209721BB808D1004DE6DA /* Assets.xcassets in Resources */ = {isa = PBXBuildFile; fileRef = 347209711BB808D1004DE6DA /* Assets.xcassets */; };
		347209751BB808D1004DE6DA /* LaunchScreen.storyboard in Resources */ = {isa = PBXBuildFile; fileRef = 347209731BB808D1004DE6DA /* LaunchScreen.storyboard */; };
		347209801BB808D1004DE6DA /* SampleTests.swift in Sources */ = {isa = PBXBuildFile; fileRef = 3472097F1BB808D1004DE6DA /* SampleTests.swift */; };
		3472098E1BB80A4F004DE6DA /* Foundation.framework in Frameworks */ = {isa = PBXBuildFile; fileRef = 3472098D1BB80A4F004DE6DA /* Foundation.framework */; };
/* End PBXBuildFile section */

/* Begin PBXContainerItemProxy section */
		3472097C1BB808D1004DE6DA /* PBXContainerItemProxy */ = {
			isa = PBXContainerItemProxy;
			containerPortal = 3472095F1BB808D1004DE6DA /* Project object */;
			proxyType = 1;
			remoteGlobalIDString = 347209661BB808D1004DE6DA;
			remoteInfo = Sample;
		};
/* End PBXContainerItemProxy section */

/* Begin PBXCopyFilesBuildPhase section */
		3435CCA51BC00184003F953B /* Embed Frameworks */ = {
			isa = PBXCopyFilesBuildPhase;
			buildActionMask = 2147483647;
			dstPath = "";
			dstSubfolderSpec = 10;
			files = (
			);
			name = "Embed Frameworks";
			runOnlyForDeploymentPostprocessing = 0;
		};
/* End PBXCopyFilesBuildPhase section */

/* Begin PBXFileReference section */
		344D87561BDED6A200487684 /* Contacts.framework */ = {isa = PBXFileReference; lastKnownFileType = wrapper.framework; name = Contacts.framework; path = System/Library/Frameworks/Contacts.framework; sourceTree = SDKROOT; };
		344D87591BDED6A600487684 /* ContactsUI.framework */ = {isa = PBXFileReference; lastKnownFileType = wrapper.framework; name = ContactsUI.framework; path = System/Library/Frameworks/ContactsUI.framework; sourceTree = SDKROOT; };
		347209671BB808D1004DE6DA /* Sample.app */ = {isa = PBXFileReference; explicitFileType = wrapper.application; includeInIndex = 0; path = Sample.app; sourceTree = BUILT_PRODUCTS_DIR; };
		3472096A1BB808D1004DE6DA /* AppDelegate.swift */ = {isa = PBXFileReference; lastKnownFileType = sourcecode.swift; path = AppDelegate.swift; sourceTree = "<group>"; };
		3472096C1BB808D1004DE6DA /* ViewController.swift */ = {isa = PBXFileReference; lastKnownFileType = sourcecode.swift; path = ViewController.swift; sourceTree = "<group>"; };
		3472096F1BB808D1004DE6DA /* Base */ = {isa = PBXFileReference; lastKnownFileType = file.storyboard; name = Base; path = Base.lproj/Main.storyboard; sourceTree = "<group>"; };
		347209711BB808D1004DE6DA /* Assets.xcassets */ = {isa = PBXFileReference; lastKnownFileType = folder.assetcatalog; path = Assets.xcassets; sourceTree = "<group>"; };
		347209741BB808D1004DE6DA /* Base */ = {isa = PBXFileReference; lastKnownFileType = file.storyboard; name = Base; path = Base.lproj/LaunchScreen.storyboard; sourceTree = "<group>"; };
		347209761BB808D1004DE6DA /* Info.plist */ = {isa = PBXFileReference; lastKnownFileType = text.plist.xml; path = Info.plist; sourceTree = "<group>"; };
		3472097B1BB808D1004DE6DA /* SampleTests.xctest */ = {isa = PBXFileReference; explicitFileType = wrapper.cfbundle; includeInIndex = 0; path = SampleTests.xctest; sourceTree = BUILT_PRODUCTS_DIR; };
		3472097F1BB808D1004DE6DA /* SampleTests.swift */ = {isa = PBXFileReference; lastKnownFileType = sourcecode.swift; path = SampleTests.swift; sourceTree = "<group>"; };
		347209811BB808D1004DE6DA /* Info.plist */ = {isa = PBXFileReference; lastKnownFileType = text.plist.xml; path = Info.plist; sourceTree = "<group>"; };
		3472098D1BB80A4F004DE6DA /* Foundation.framework */ = {isa = PBXFileReference; lastKnownFileType = wrapper.framework; name = Foundation.framework; path = System/Library/Frameworks/Foundation.framework; sourceTree = SDKROOT; };
/* End PBXFileReference section */

/* Begin PBXFrameworksBuildPhase section */
		347209641BB808D1004DE6DA /* Frameworks */ = {
			isa = PBXFrameworksBuildPhase;
			buildActionMask = 2147483647;
			files = (
				344D875A1BDED6A600487684 /* ContactsUI.framework in Frameworks */,
				344D87571BDED6A200487684 /* Contacts.framework in Frameworks */,
				3472098E1BB80A4F004DE6DA /* Foundation.framework in Frameworks */,
			);
			runOnlyForDeploymentPostprocessing = 0;
		};
		347209781BB808D1004DE6DA /* Frameworks */ = {
			isa = PBXFrameworksBuildPhase;
			buildActionMask = 2147483647;
			files = (
			);
			runOnlyForDeploymentPostprocessing = 0;
		};
/* End PBXFrameworksBuildPhase section */

/* Begin PBXGroup section */
		3472095E1BB808D1004DE6DA = {
			isa = PBXGroup;
			children = (
				347209691BB808D1004DE6DA /* Sample */,
				3472097E1BB808D1004DE6DA /* SampleTests */,
				347209681BB808D1004DE6DA /* Products */,
			);
			sourceTree = "<group>";
		};
		347209681BB808D1004DE6DA /* Products */ = {
			isa = PBXGroup;
			children = (
				347209671BB808D1004DE6DA /* Sample.app */,
				3472097B1BB808D1004DE6DA /* SampleTests.xctest */,
			);
			name = Products;
			sourceTree = "<group>";
		};
		347209691BB808D1004DE6DA /* Sample */ = {
			isa = PBXGroup;
			children = (
				3472096A1BB808D1004DE6DA /* AppDelegate.swift */,
				3472096C1BB808D1004DE6DA /* ViewController.swift */,
				3472096E1BB808D1004DE6DA /* Main.storyboard */,
				347209711BB808D1004DE6DA /* Assets.xcassets */,
				347209731BB808D1004DE6DA /* LaunchScreen.storyboard */,
				347209761BB808D1004DE6DA /* Info.plist */,
				344D87591BDED6A600487684 /* ContactsUI.framework */,
				344D87561BDED6A200487684 /* Contacts.framework */,
				3472098D1BB80A4F004DE6DA /* Foundation.framework */,
			);
			path = Sample;
			sourceTree = "<group>";
		};
		3472097E1BB808D1004DE6DA /* SampleTests */ = {
			isa = PBXGroup;
			children = (
				3472097F1BB808D1004DE6DA /* SampleTests.swift */,
				347209811BB808D1004DE6DA /* Info.plist */,
			);
			path = SampleTests;
			sourceTree = "<group>";
		};
/* End PBXGroup section */

/* Begin PBXNativeTarget section */
		347209661BB808D1004DE6DA /* Sample */ = {
			isa = PBXNativeTarget;
			buildConfigurationList = 347209841BB808D1004DE6DA /* Build configuration list for PBXNativeTarget "Sample" */;
			buildPhases = (
				347209631BB808D1004DE6DA /* Sources */,
				347209641BB808D1004DE6DA /* Frameworks */,
				347209651BB808D1004DE6DA /* Resources */,
				3435CCA51BC00184003F953B /* Embed Frameworks */,
			);
			buildRules = (
			);
			dependencies = (
			);
			name = Sample;
			productName = Sample;
			productReference = 347209671BB808D1004DE6DA /* Sample.app */;
			productType = "com.apple.product-type.application";
		};
		3472097A1BB808D1004DE6DA /* SampleTests */ = {
			isa = PBXNativeTarget;
			buildConfigurationList = 347209871BB808D1004DE6DA /* Build configuration list for PBXNativeTarget "SampleTests" */;
			buildPhases = (
				347209771BB808D1004DE6DA /* Sources */,
				347209781BB808D1004DE6DA /* Frameworks */,
				347209791BB808D1004DE6DA /* Resources */,
			);
			buildRules = (
			);
			dependencies = (
				3472097D1BB808D1004DE6DA /* PBXTargetDependency */,
			);
			name = SampleTests;
			productName = SampleTests;
			productReference = 3472097B1BB808D1004DE6DA /* SampleTests.xctest */;
			productType = "com.apple.product-type.bundle.unit-test";
		};
/* End PBXNativeTarget section */

/* Begin PBXProject section */
		3472095F1BB808D1004DE6DA /* Project object */ = {
			isa = PBXProject;
			attributes = {
				LastUpgradeCheck = 1000;
				ORGANIZATIONNAME = "Roy Marmelstein";
				TargetAttributes = {
					347209661BB808D1004DE6DA = {
						CreatedOnToolsVersion = 7.0;
					};
					3472097A1BB808D1004DE6DA = {
						CreatedOnToolsVersion = 7.0;
						TestTargetID = 347209661BB808D1004DE6DA;
					};
				};
			};
			buildConfigurationList = 347209621BB808D1004DE6DA /* Build configuration list for PBXProject "Sample" */;
			compatibilityVersion = "Xcode 3.2";
			developmentRegion = English;
			hasScannedForEncodings = 0;
			knownRegions = (
				en,
				Base,
			);
			mainGroup = 3472095E1BB808D1004DE6DA;
			productRefGroup = 347209681BB808D1004DE6DA /* Products */;
			projectDirPath = "";
			projectRoot = "";
			targets = (
				347209661BB808D1004DE6DA /* Sample */,
				3472097A1BB808D1004DE6DA /* SampleTests */,
			);
		};
/* End PBXProject section */

/* Begin PBXResourcesBuildPhase section */
		347209651BB808D1004DE6DA /* Resources */ = {
			isa = PBXResourcesBuildPhase;
			buildActionMask = 2147483647;
			files = (
				347209751BB808D1004DE6DA /* LaunchScreen.storyboard in Resources */,
				347209721BB808D1004DE6DA /* Assets.xcassets in Resources */,
				347209701BB808D1004DE6DA /* Main.storyboard in Resources */,
			);
			runOnlyForDeploymentPostprocessing = 0;
		};
		347209791BB808D1004DE6DA /* Resources */ = {
			isa = PBXResourcesBuildPhase;
			buildActionMask = 2147483647;
			files = (
			);
			runOnlyForDeploymentPostprocessing = 0;
		};
/* End PBXResourcesBuildPhase section */

/* Begin PBXSourcesBuildPhase section */
		347209631BB808D1004DE6DA /* Sources */ = {
			isa = PBXSourcesBuildPhase;
			buildActionMask = 2147483647;
			files = (
				3472096D1BB808D1004DE6DA /* ViewController.swift in Sources */,
				3472096B1BB808D1004DE6DA /* AppDelegate.swift in Sources */,
			);
			runOnlyForDeploymentPostprocessing = 0;
		};
		347209771BB808D1004DE6DA /* Sources */ = {
			isa = PBXSourcesBuildPhase;
			buildActionMask = 2147483647;
			files = (
				347209801BB808D1004DE6DA /* SampleTests.swift in Sources */,
			);
			runOnlyForDeploymentPostprocessing = 0;
		};
/* End PBXSourcesBuildPhase section */

/* Begin PBXTargetDependency section */
		3472097D1BB808D1004DE6DA /* PBXTargetDependency */ = {
			isa = PBXTargetDependency;
			target = 347209661BB808D1004DE6DA /* Sample */;
			targetProxy = 3472097C1BB808D1004DE6DA /* PBXContainerItemProxy */;
		};
/* End PBXTargetDependency section */

/* Begin PBXVariantGroup section */
		3472096E1BB808D1004DE6DA /* Main.storyboard */ = {
			isa = PBXVariantGroup;
			children = (
				3472096F1BB808D1004DE6DA /* Base */,
			);
			name = Main.storyboard;
			sourceTree = "<group>";
		};
		347209731BB808D1004DE6DA /* LaunchScreen.storyboard */ = {
			isa = PBXVariantGroup;
			children = (
				347209741BB808D1004DE6DA /* Base */,
			);
			name = LaunchScreen.storyboard;
			sourceTree = "<group>";
		};
/* End PBXVariantGroup section */

/* Begin XCBuildConfiguration section */
		347209821BB808D1004DE6DA /* Debug */ = {
			isa = XCBuildConfiguration;
			buildSettings = {
				ALWAYS_EMBED_SWIFT_STANDARD_LIBRARIES = YES;
				ALWAYS_SEARCH_USER_PATHS = NO;
				CLANG_CXX_LANGUAGE_STANDARD = "gnu++0x";
				CLANG_CXX_LIBRARY = "libc++";
				CLANG_ENABLE_MODULES = YES;
				CLANG_ENABLE_OBJC_ARC = YES;
				CLANG_WARN_BLOCK_CAPTURE_AUTORELEASING = YES;
				CLANG_WARN_BOOL_CONVERSION = YES;
				CLANG_WARN_COMMA = YES;
				CLANG_WARN_CONSTANT_CONVERSION = YES;
				CLANG_WARN_DEPRECATED_OBJC_IMPLEMENTATIONS = YES;
				CLANG_WARN_DIRECT_OBJC_ISA_USAGE = YES_ERROR;
				CLANG_WARN_EMPTY_BODY = YES;
				CLANG_WARN_ENUM_CONVERSION = YES;
				CLANG_WARN_INFINITE_RECURSION = YES;
				CLANG_WARN_INT_CONVERSION = YES;
				CLANG_WARN_NON_LITERAL_NULL_CONVERSION = YES;
				CLANG_WARN_OBJC_IMPLICIT_RETAIN_SELF = YES;
				CLANG_WARN_OBJC_LITERAL_CONVERSION = YES;
				CLANG_WARN_OBJC_ROOT_CLASS = YES_ERROR;
				CLANG_WARN_RANGE_LOOP_ANALYSIS = YES;
				CLANG_WARN_STRICT_PROTOTYPES = YES;
				CLANG_WARN_SUSPICIOUS_MOVE = YES;
				CLANG_WARN_UNREACHABLE_CODE = YES;
				CLANG_WARN__DUPLICATE_METHOD_MATCH = YES;
				"CODE_SIGN_IDENTITY[sdk=iphoneos*]" = "iPhone Developer";
				COPY_PHASE_STRIP = NO;
				DEBUG_INFORMATION_FORMAT = dwarf;
				ENABLE_STRICT_OBJC_MSGSEND = YES;
				ENABLE_TESTABILITY = YES;
				GCC_C_LANGUAGE_STANDARD = gnu99;
				GCC_DYNAMIC_NO_PIC = NO;
				GCC_NO_COMMON_BLOCKS = YES;
				GCC_OPTIMIZATION_LEVEL = 0;
				GCC_PREPROCESSOR_DEFINITIONS = (
					"DEBUG=1",
					"$(inherited)",
				);
				GCC_WARN_64_TO_32_BIT_CONVERSION = YES;
				GCC_WARN_ABOUT_RETURN_TYPE = YES_ERROR;
				GCC_WARN_UNDECLARED_SELECTOR = YES;
				GCC_WARN_UNINITIALIZED_AUTOS = YES_AGGRESSIVE;
				GCC_WARN_UNUSED_FUNCTION = YES;
				GCC_WARN_UNUSED_VARIABLE = YES;
				IPHONEOS_DEPLOYMENT_TARGET = 9.0;
				MTL_ENABLE_DEBUG_INFO = YES;
				ONLY_ACTIVE_ARCH = YES;
				OTHER_LDFLAGS = "$(inherited)";
				SDKROOT = iphoneos;
				SWIFT_OPTIMIZATION_LEVEL = "-Onone";
				SWIFT_VERSION = 4.2;
			};
			name = Debug;
		};
		347209831BB808D1004DE6DA /* Release */ = {
			isa = XCBuildConfiguration;
			buildSettings = {
				ALWAYS_EMBED_SWIFT_STANDARD_LIBRARIES = YES;
				ALWAYS_SEARCH_USER_PATHS = NO;
				CLANG_CXX_LANGUAGE_STANDARD = "gnu++0x";
				CLANG_CXX_LIBRARY = "libc++";
				CLANG_ENABLE_MODULES = YES;
				CLANG_ENABLE_OBJC_ARC = YES;
				CLANG_WARN_BLOCK_CAPTURE_AUTORELEASING = YES;
				CLANG_WARN_BOOL_CONVERSION = YES;
				CLANG_WARN_COMMA = YES;
				CLANG_WARN_CONSTANT_CONVERSION = YES;
				CLANG_WARN_DEPRECATED_OBJC_IMPLEMENTATIONS = YES;
				CLANG_WARN_DIRECT_OBJC_ISA_USAGE = YES_ERROR;
				CLANG_WARN_EMPTY_BODY = YES;
				CLANG_WARN_ENUM_CONVERSION = YES;
				CLANG_WARN_INFINITE_RECURSION = YES;
				CLANG_WARN_INT_CONVERSION = YES;
				CLANG_WARN_NON_LITERAL_NULL_CONVERSION = YES;
				CLANG_WARN_OBJC_IMPLICIT_RETAIN_SELF = YES;
				CLANG_WARN_OBJC_LITERAL_CONVERSION = YES;
				CLANG_WARN_OBJC_ROOT_CLASS = YES_ERROR;
				CLANG_WARN_RANGE_LOOP_ANALYSIS = YES;
				CLANG_WARN_STRICT_PROTOTYPES = YES;
				CLANG_WARN_SUSPICIOUS_MOVE = YES;
				CLANG_WARN_UNREACHABLE_CODE = YES;
				CLANG_WARN__DUPLICATE_METHOD_MATCH = YES;
				"CODE_SIGN_IDENTITY[sdk=iphoneos*]" = "iPhone Developer";
				COPY_PHASE_STRIP = NO;
				DEBUG_INFORMATION_FORMAT = "dwarf-with-dsym";
				ENABLE_NS_ASSERTIONS = NO;
				ENABLE_STRICT_OBJC_MSGSEND = YES;
				GCC_C_LANGUAGE_STANDARD = gnu99;
				GCC_NO_COMMON_BLOCKS = YES;
				GCC_WARN_64_TO_32_BIT_CONVERSION = YES;
				GCC_WARN_ABOUT_RETURN_TYPE = YES_ERROR;
				GCC_WARN_UNDECLARED_SELECTOR = YES;
				GCC_WARN_UNINITIALIZED_AUTOS = YES_AGGRESSIVE;
				GCC_WARN_UNUSED_FUNCTION = YES;
				GCC_WARN_UNUSED_VARIABLE = YES;
				IPHONEOS_DEPLOYMENT_TARGET = 9.0;
				MTL_ENABLE_DEBUG_INFO = NO;
				OTHER_LDFLAGS = "$(inherited)";
				SDKROOT = iphoneos;
				SWIFT_OPTIMIZATION_LEVEL = "-Owholemodule";
				SWIFT_VERSION = 4.2;
				VALIDATE_PRODUCT = YES;
			};
			name = Release;
		};
		347209851BB808D1004DE6DA /* Debug */ = {
			isa = XCBuildConfiguration;
			buildSettings = {
				ALWAYS_EMBED_SWIFT_STANDARD_LIBRARIES = YES;
				ASSETCATALOG_COMPILER_APPICON_NAME = AppIcon;
				FRAMEWORK_SEARCH_PATHS = "$(inherited)";
				INFOPLIST_FILE = Sample/Info.plist;
				LD_RUNPATH_SEARCH_PATHS = "$(inherited) @executable_path/Frameworks";
				OTHER_LDFLAGS = "$(inherited)";
				PRODUCT_BUNDLE_IDENTIFIER = com.roymarmelstein.Sample;
				PRODUCT_NAME = "$(TARGET_NAME)";
			};
			name = Debug;
		};
		347209861BB808D1004DE6DA /* Release */ = {
			isa = XCBuildConfiguration;
			buildSettings = {
				ALWAYS_EMBED_SWIFT_STANDARD_LIBRARIES = YES;
				ASSETCATALOG_COMPILER_APPICON_NAME = AppIcon;
				FRAMEWORK_SEARCH_PATHS = "$(inherited)";
				INFOPLIST_FILE = Sample/Info.plist;
				LD_RUNPATH_SEARCH_PATHS = "$(inherited) @executable_path/Frameworks";
				OTHER_LDFLAGS = "$(inherited)";
				PRODUCT_BUNDLE_IDENTIFIER = com.roymarmelstein.Sample;
				PRODUCT_NAME = "$(TARGET_NAME)";
			};
			name = Release;
		};
		347209881BB808D1004DE6DA /* Debug */ = {
			isa = XCBuildConfiguration;
			buildSettings = {
				BUNDLE_LOADER = "$(TEST_HOST)";
				FRAMEWORK_SEARCH_PATHS = (
					"$(inherited)",
					"$(PROJECT_DIR)/Sample",
				);
				INFOPLIST_FILE = SampleTests/Info.plist;
				LD_RUNPATH_SEARCH_PATHS = "$(inherited) @executable_path/Frameworks @loader_path/Frameworks";
				PRODUCT_BUNDLE_IDENTIFIER = com.roymarmelstein.SampleTests;
				PRODUCT_NAME = "$(TARGET_NAME)";
				TEST_HOST = "$(BUILT_PRODUCTS_DIR)/Sample.app/Sample";
			};
			name = Debug;
		};
		347209891BB808D1004DE6DA /* Release */ = {
			isa = XCBuildConfiguration;
			buildSettings = {
				BUNDLE_LOADER = "$(TEST_HOST)";
				FRAMEWORK_SEARCH_PATHS = (
					"$(inherited)",
					"$(PROJECT_DIR)/Sample",
				);
				INFOPLIST_FILE = SampleTests/Info.plist;
				LD_RUNPATH_SEARCH_PATHS = "$(inherited) @executable_path/Frameworks @loader_path/Frameworks";
				PRODUCT_BUNDLE_IDENTIFIER = com.roymarmelstein.SampleTests;
				PRODUCT_NAME = "$(TARGET_NAME)";
				TEST_HOST = "$(BUILT_PRODUCTS_DIR)/Sample.app/Sample";
			};
			name = Release;
		};
/* End XCBuildConfiguration section */

/* Begin XCConfigurationList section */
		347209621BB808D1004DE6DA /* Build configuration list for PBXProject "Sample" */ = {
			isa = XCConfigurationList;
			buildConfigurations = (
				347209821BB808D1004DE6DA /* Debug */,
				347209831BB808D1004DE6DA /* Release */,
			);
			defaultConfigurationIsVisible = 0;
			defaultConfigurationName = Release;
		};
		347209841BB808D1004DE6DA /* Build configuration list for PBXNativeTarget "Sample" */ = {
			isa = XCConfigurationList;
			buildConfigurations = (
				347209851BB808D1004DE6DA /* Debug */,
				347209861BB808D1004DE6DA /* Release */,
			);
			defaultConfigurationIsVisible = 0;
			defaultConfigurationName = Release;
		};
		347209871BB808D1004DE6DA /* Build configuration list for PBXNativeTarget "SampleTests" */ = {
			isa = XCConfigurationList;
			buildConfigurations = (
				347209881BB808D1004DE6DA /* Debug */,
				347209891BB808D1004DE6DA /* Release */,
			);
			defaultConfigurationIsVisible = 0;
			defaultConfigurationName = Release;
		};
/* End XCConfigurationList section */
	};
	rootObject = 3472095F1BB808D1004DE6DA /* Project object */;
}
