{
  "object": {
    "pins": [
      {
        "package": "PhoneNumberKit",
        "repositoryURL": "https://github.com/marmelroy/PhoneNumberKit.git",
        "state": {
          "branch": null,
          "revision": "edbd0b43e914083c3b8af9403f64ac80f8270e47",
          "version": "3.3.0"
        }
      }
    ]
  },
  "version": 1
}
